{
    "_meta": {
        "hash": {
            "sha256": "dce6975453f26de53b01cd2eff69f28d675d96bb890737d907163343fc0532a5"
        },
        "pipfile-spec": 6,
        "requires": {
            "python_version": "3.7"
        },
        "sources": [
            {
                "name": "pypi",
                "url": "https://pypi.org/simple",
                "verify_ssl": true
            }
        ]
    },
    "default": {
        "django": {
            "hashes": [
                "sha256:33e4bb3f3268ecc362a7bd982c7f19fff30597c749fedbc1fd3773ebb82ec38c",
                "sha256:f4351f1f921bb6c3de03e24cdba823365fb9a79a44f607ba2560e9e3b7f16ff3"
            ],
            "index": "pypi",
            "version": "==2.1.12"
        },
        "pysqlite3": {
            "hashes": [
                "sha256:97464c345d124a77944c4f268f4dc668610783d6ea8568ba6626aadfbc1db507"
            ],
            "index": "pypi",
            "version": "==0.4.1"
        },
        "pytz": {
            "hashes": [
                "sha256:26c0b32e437e54a18161324a2fca3c4b9846b74a8dccddd843113109e1116b32",
                "sha256:c894d57500a4cd2d5c71114aaab77dbab5eabd9022308ce5ac9bb93a60a6f0c7"
            ],
            "version": "==2019.2"
        }
    },
    "develop": {}
}
